
Microsoft Visual Studio Solution File, Format Version 12.00
# Visual Studio Version 16
VisualStudioVersion = 16.0.33927.289
MinimumVisualStudioVersion = 10.0.40219.1
Project("{2150E333-8FDC-42A3-9474-1A3956D46DE8}") = "Task0", "Task0", "{DF6A70F4-F4EA-4F54-8BF0-4CF2DBBE51C9}"
EndProject
Project("{FAE04EC0-301F-11D3-BF4B-00C04F79EFBC}") = "Tyuiu.RedikultsevaAA.Sprint4.Task0.V13", "Tyuiu.RedikultsevaAA.Sprint4.Task0.V13\Tyuiu.RedikultsevaAA.Sprint4.Task0.V13.csproj", "{27C0774C-9C38-4305-AFCC-FFCA373B67AF}"
EndProject
Project("{FAE04EC0-301F-11D3-BF4B-00C04F79EFBC}") = "Tyuiu.RedikultsevaAA.Sprint4.Task0.V13.Test", "Tyuiu.RedikultsevaAA.Sprint4.Task0.V13.Test\Tyuiu.RedikultsevaAA.Sprint4.Task0.V13.Test.csproj", "{F4342A22-5FCB-49FE-A3AD-9A49DC12D89F}"
EndProject
Project("{FAE04EC0-301F-11D3-BF4B-00C04F79EFBC}") = "Tyuiu.RedikultsevaAA.Sprint4.Task0.V13.Lib", "Tyuiu.RedikultsevaAA.Sprint4.Task0.V13.Lib\Tyuiu.RedikultsevaAA.Sprint4.Task0.V13.Lib.csproj", "{D3B9F160-98D3-41E6-98FA-A818B71E16A8}"
EndProject
Project("{2150E333-8FDC-42A3-9474-1A3956D46DE8}") = "Task1", "Task1", "{0AEFC103-AAFA-4B89-91D9-B89BCDDDBDA3}"
EndProject
Project("{FAE04EC0-301F-11D3-BF4B-00C04F79EFBC}") = "Tyuiu.RedikultsevaAA.Sprint4.Task1.V4", "Tyuiu.RedikultsevaAA.Sprint4.Task1.V4\Tyuiu.RedikultsevaAA.Sprint4.Task1.V4.csproj", "{14892B4D-480F-4DC0-84E8-41D756D5629F}"
EndProject
Project("{FAE04EC0-301F-11D3-BF4B-00C04F79EFBC}") = "Tyuiu.RedikultsevaAA.Sprint4.Task1.V4.Lib", "Tyuiu.RedikultsevaAA.Sprint4.Task1.V4.Lib\Tyuiu.RedikultsevaAA.Sprint4.Task1.V4.Lib.csproj", "{02E0B4D1-F889-44E8-83D1-A4EA8274702D}"
EndProject
Project("{FAE04EC0-301F-11D3-BF4B-00C04F79EFBC}") = "Tyuiu.RedikultsevaAA.Sprint4.Task1.V4.Test", "Tyuiu.RedikultsevaAA.Sprint4.Task1.V4.Test\Tyuiu.RedikultsevaAA.Sprint4.Task1.V4.Test.csproj", "{5E3D99BB-EBD2-4B6B-8F82-BC562358F3FF}"
EndProject
Project("{2150E333-8FDC-42A3-9474-1A3956D46DE8}") = "Task2", "Task2", "{2C5148C8-36A0-40AF-B3AC-80C7EE2A079B}"
EndProject
Project("{FAE04EC0-301F-11D3-BF4B-00C04F79EFBC}") = "Tyuiu.RedikultsevaAA.Sprint4.Task2.V29", "Tyuiu.RedikultsevaAA.Sprint4.Task2.V29\Tyuiu.RedikultsevaAA.Sprint4.Task2.V29.csproj", "{9B2EBA36-225E-4FB2-9891-43F022A777C8}"
EndProject
Project("{FAE04EC0-301F-11D3-BF4B-00C04F79EFBC}") = "Tyuiu.RedikultsevaAA.Sprint4.Task2.V29.Test", "Tyuiu.RedikultsevaAA.Sprint4.Task2.V29.Test\Tyuiu.RedikultsevaAA.Sprint4.Task2.V29.Test.csproj", "{BF576F4F-CAE9-42C3-9F80-C8142A14FE1C}"
EndProject
Project("{FAE04EC0-301F-11D3-BF4B-00C04F79EFBC}") = "Tyuiu.RedikultsevaAA.Sprint4.Task2.V29.Lib", "Tyuiu.RedikultsevaAA.Sprint4.Task2.V29.Lib\Tyuiu.RedikultsevaAA.Sprint4.Task2.V29.Lib.csproj", "{317DD7EF-043F-427F-B6C6-2FF1CB52DEE9}"
EndProject
Project("{2150E333-8FDC-42A3-9474-1A3956D46DE8}") = "Task3", "Task3", "{BDAB7024-2CBB-4FDF-B706-1B8854DE8AAB}"
EndProject
Project("{FAE04EC0-301F-11D3-BF4B-00C04F79EFBC}") = "Tyuiu.RedikultsevaAA.Sprint4.Task3.V4", "Tyuiu.RedikultsevaAA.Sprint4.Task3.V4\Tyuiu.RedikultsevaAA.Sprint4.Task3.V4.csproj", "{1876288C-9BC3-4984-A509-C0069809BBC1}"
EndProject
Project("{FAE04EC0-301F-11D3-BF4B-00C04F79EFBC}") = "Tyuiu.RedikultsevaAA.Sprint4.Task3.V4.Lib", "Tyuiu.RedikultsevaAA.Sprint4.Task3.V4.Lib\Tyuiu.RedikultsevaAA.Sprint4.Task3.V4.Lib.csproj", "{04E6D4E7-C157-47C5-99AB-8D117E76A2CF}"
EndProject
Project("{FAE04EC0-301F-11D3-BF4B-00C04F79EFBC}") = "Tyuiu.RedikultsevaAA.Sprint4.Task3.V4.Test", "Tyuiu.RedikultsevaAA.Sprint4.Task3.V4.Test\Tyuiu.RedikultsevaAA.Sprint4.Task3.V4.Test.csproj", "{0F4C57F9-FF94-496F-83B7-2D635AF60A81}"
EndProject
Project("{2150E333-8FDC-42A3-9474-1A3956D46DE8}") = "Task4", "Task4", "{C4810F3A-D302-49CF-A105-0F68DB33B8F2}"
EndProject
Project("{FAE04EC0-301F-11D3-BF4B-00C04F79EFBC}") = "Tyuiu.RedikultsevaAA.Sprint4.Task4.V29", "Tyuiu.RedikultsevaAA.Sprint4.Task4.V29\Tyuiu.RedikultsevaAA.Sprint4.Task4.V29.csproj", "{5FADD26F-6A05-45A5-87CB-D477CAFFBFA2}"
EndProject
Project("{FAE04EC0-301F-11D3-BF4B-00C04F79EFBC}") = "Tyuiu.RedikultsevaAA.Sprint4.Task4.V29.Test", "Tyuiu.RedikultsevaAA.Sprint4.Task4.V29.Test\Tyuiu.RedikultsevaAA.Sprint4.Task4.V29.Test.csproj", "{C541926A-E9FD-475A-9B87-A39AA06D7915}"
EndProject
Project("{FAE04EC0-301F-11D3-BF4B-00C04F79EFBC}") = "Tyuiu.RedikultsevaAA.Sprint4.Task4.V29.Lib", "Tyuiu.RedikultsevaAA.Sprint4.Task4.V29.Lib\Tyuiu.RedikultsevaAA.Sprint4.Task4.V29.Lib.csproj", "{83E8C666-F1A7-468D-9B18-490E204FFE1C}"
EndProject
Project("{2150E333-8FDC-42A3-9474-1A3956D46DE8}") = "Task5", "Task5", "{78B7A8E9-0C28-4875-9B2D-06297FEE7E8D}"
EndProject
Project("{FAE04EC0-301F-11D3-BF4B-00C04F79EFBC}") = "Tyuiu.RedikultsevaAA.Sprint4.Task5.V26", "Tyuiu.RedikultsevaAA.Sprint4.Task5.V26\Tyuiu.RedikultsevaAA.Sprint4.Task5.V26.csproj", "{BACD66DB-0DBF-4F92-B3BB-928C47331908}"
EndProject
Project("{FAE04EC0-301F-11D3-BF4B-00C04F79EFBC}") = "Tyuiu.RedikultsevaAA.Sprint4.Task5.V26.Lib", "Tyuiu.RedikultsevaAA.Sprint4.Task5.V26.Lib\Tyuiu.RedikultsevaAA.Sprint4.Task5.V26.Lib.csproj", "{ED46E7BF-0087-49FC-B5F9-B84215516D02}"
EndProject
Project("{FAE04EC0-301F-11D3-BF4B-00C04F79EFBC}") = "Tyuiu.RedikultsevaAA.Sprint4.Task5.V26.Test", "Tyuiu.RedikultsevaAA.Sprint4.Task5.V26.Test\Tyuiu.RedikultsevaAA.Sprint4.Task5.V26.Test.csproj", "{43E524D8-3F48-498B-850F-5D0C8EC89D27}"
EndProject
Project("{2150E333-8FDC-42A3-9474-1A3956D46DE8}") = "Task6", "Task6", "{7785E43C-E38D-43A6-905F-21DE9EEA6063}"
EndProject
Project("{FAE04EC0-301F-11D3-BF4B-00C04F79EFBC}") = "Tyuiu.RedikultsevaAA.Sprint4.Task6.V11", "Tyuiu.RedikultsevaAA.Sprint4.Task6.V11\Tyuiu.RedikultsevaAA.Sprint4.Task6.V11.csproj", "{7F774A16-0E5E-4813-8444-9A4C43F3AB47}"
EndProject
Project("{FAE04EC0-301F-11D3-BF4B-00C04F79EFBC}") = "Tyuiu.RedikultsevaAA.Sprint4.Task6.V11.Test", "Tyuiu.RedikultsevaAA.Sprint4.Task6.V11.Test\Tyuiu.RedikultsevaAA.Sprint4.Task6.V11.Test.csproj", "{EC4546F1-CA8C-4B35-813B-D385C368978C}"
EndProject
Project("{FAE04EC0-301F-11D3-BF4B-00C04F79EFBC}") = "Tyuiu.RedikultsevaAA.Sprint4.Task6.V11.Lib", "Tyuiu.RedikultsevaAA.Sprint4.Task6.V11.Lib\Tyuiu.RedikultsevaAA.Sprint4.Task6.V11.Lib.csproj", "{47A2EFD1-C1FE-416F-8685-D389F93EC49F}"
EndProject
Project("{2150E333-8FDC-42A3-9474-1A3956D46DE8}") = "Task7", "Task7", "{3F9DD52E-89C1-496B-9E72-BFA99BC84686}"
EndProject
Project("{FAE04EC0-301F-11D3-BF4B-00C04F79EFBC}") = "Tyuiu.RedikultsevaAA.Sprint4.Task7.V2", "Tyuiu.RedikultsevaAA.Sprint4.Task7.V2\Tyuiu.RedikultsevaAA.Sprint4.Task7.V2.csproj", "{4F2E7C4F-F8CC-46A5-A5D5-2E7D46B366D4}"
EndProject
Project("{FAE04EC0-301F-11D3-BF4B-00C04F79EFBC}") = "Tyuiu.RedikultsevaAA.Sprint4.Task7.V2.Lib", "Tyuiu.RedikultsevaAA.Sprint4.Task7.V2.Lib\Tyuiu.RedikultsevaAA.Sprint4.Task7.V2.Lib.csproj", "{CE20BCAA-409D-4F3F-A394-2FD9ADB765CE}"
EndProject
Project("{FAE04EC0-301F-11D3-BF4B-00C04F79EFBC}") = "Tyuiu.RedikultsevaAA.Sprint4.Task7.V2.Test", "Tyuiu.RedikultsevaAA.Sprint4.Task7.V2.Test\Tyuiu.RedikultsevaAA.Sprint4.Task7.V2.Test.csproj", "{8D597636-5EC8-4580-BFD1-8128E5353163}"
EndProject
Global
	GlobalSection(SolutionConfigurationPlatforms) = preSolution
		Debug|Any CPU = Debug|Any CPU
		Release|Any CPU = Release|Any CPU
	EndGlobalSection
	GlobalSection(ProjectConfigurationPlatforms) = postSolution
		{27C0774C-9C38-4305-AFCC-FFCA373B67AF}.Debug|Any CPU.ActiveCfg = Debug|Any CPU
		{27C0774C-9C38-4305-AFCC-FFCA373B67AF}.Debug|Any CPU.Build.0 = Debug|Any CPU
		{27C0774C-9C38-4305-AFCC-FFCA373B67AF}.Release|Any CPU.ActiveCfg = Release|Any CPU
		{27C0774C-9C38-4305-AFCC-FFCA373B67AF}.Release|Any CPU.Build.0 = Release|Any CPU
		{F4342A22-5FCB-49FE-A3AD-9A49DC12D89F}.Debug|Any CPU.ActiveCfg = Debug|Any CPU
		{F4342A22-5FCB-49FE-A3AD-9A49DC12D89F}.Debug|Any CPU.Build.0 = Debug|Any CPU
		{F4342A22-5FCB-49FE-A3AD-9A49DC12D89F}.Release|Any CPU.ActiveCfg = Release|Any CPU
		{F4342A22-5FCB-49FE-A3AD-9A49DC12D89F}.Release|Any CPU.Build.0 = Release|Any CPU
		{D3B9F160-98D3-41E6-98FA-A818B71E16A8}.Debug|Any CPU.ActiveCfg = Debug|Any CPU
		{D3B9F160-98D3-41E6-98FA-A818B71E16A8}.Debug|Any CPU.Build.0 = Debug|Any CPU
		{D3B9F160-98D3-41E6-98FA-A818B71E16A8}.Release|Any CPU.ActiveCfg = Release|Any CPU
		{D3B9F160-98D3-41E6-98FA-A818B71E16A8}.Release|Any CPU.Build.0 = Release|Any CPU
		{14892B4D-480F-4DC0-84E8-41D756D5629F}.Debug|Any CPU.ActiveCfg = Debug|Any CPU
		{14892B4D-480F-4DC0-84E8-41D756D5629F}.Debug|Any CPU.Build.0 = Debug|Any CPU
		{14892B4D-480F-4DC0-84E8-41D756D5629F}.Release|Any CPU.ActiveCfg = Release|Any CPU
		{14892B4D-480F-4DC0-84E8-41D756D5629F}.Release|Any CPU.Build.0 = Release|Any CPU
		{02E0B4D1-F889-44E8-83D1-A4EA8274702D}.Debug|Any CPU.ActiveCfg = Debug|Any CPU
		{02E0B4D1-F889-44E8-83D1-A4EA8274702D}.Debug|Any CPU.Build.0 = Debug|Any CPU
		{02E0B4D1-F889-44E8-83D1-A4EA8274702D}.Release|Any CPU.ActiveCfg = Release|Any CPU
		{02E0B4D1-F889-44E8-83D1-A4EA8274702D}.Release|Any CPU.Build.0 = Release|Any CPU
		{5E3D99BB-EBD2-4B6B-8F82-BC562358F3FF}.Debug|Any CPU.ActiveCfg = Debug|Any CPU
		{5E3D99BB-EBD2-4B6B-8F82-BC562358F3FF}.Debug|Any CPU.Build.0 = Debug|Any CPU
		{5E3D99BB-EBD2-4B6B-8F82-BC562358F3FF}.Release|Any CPU.ActiveCfg = Release|Any CPU
		{5E3D99BB-EBD2-4B6B-8F82-BC562358F3FF}.Release|Any CPU.Build.0 = Release|Any CPU
		{9B2EBA36-225E-4FB2-9891-43F022A777C8}.Debug|Any CPU.ActiveCfg = Debug|Any CPU
		{9B2EBA36-225E-4FB2-9891-43F022A777C8}.Debug|Any CPU.Build.0 = Debug|Any CPU
		{9B2EBA36-225E-4FB2-9891-43F022A777C8}.Release|Any CPU.ActiveCfg = Release|Any CPU
		{9B2EBA36-225E-4FB2-9891-43F022A777C8}.Release|Any CPU.Build.0 = Release|Any CPU
		{BF576F4F-CAE9-42C3-9F80-C8142A14FE1C}.Debug|Any CPU.ActiveCfg = Debug|Any CPU
		{BF576F4F-CAE9-42C3-9F80-C8142A14FE1C}.Debug|Any CPU.Build.0 = Debug|Any CPU
		{BF576F4F-CAE9-42C3-9F80-C8142A14FE1C}.Release|Any CPU.ActiveCfg = Release|Any CPU
		{BF576F4F-CAE9-42C3-9F80-C8142A14FE1C}.Release|Any CPU.Build.0 = Release|Any CPU
		{317DD7EF-043F-427F-B6C6-2FF1CB52DEE9}.Debug|Any CPU.ActiveCfg = Debug|Any CPU
		{317DD7EF-043F-427F-B6C6-2FF1CB52DEE9}.Debug|Any CPU.Build.0 = Debug|Any CPU
		{317DD7EF-043F-427F-B6C6-2FF1CB52DEE9}.Release|Any CPU.ActiveCfg = Release|Any CPU
		{317DD7EF-043F-427F-B6C6-2FF1CB52DEE9}.Release|Any CPU.Build.0 = Release|Any CPU
		{1876288C-9BC3-4984-A509-C0069809BBC1}.Debug|Any CPU.ActiveCfg = Debug|Any CPU
		{1876288C-9BC3-4984-A509-C0069809BBC1}.Debug|Any CPU.Build.0 = Debug|Any CPU
		{1876288C-9BC3-4984-A509-C0069809BBC1}.Release|Any CPU.ActiveCfg = Release|Any CPU
		{1876288C-9BC3-4984-A509-C0069809BBC1}.Release|Any CPU.Build.0 = Release|Any CPU
		{04E6D4E7-C157-47C5-99AB-8D117E76A2CF}.Debug|Any CPU.ActiveCfg = Debug|Any CPU
		{04E6D4E7-C157-47C5-99AB-8D117E76A2CF}.Debug|Any CPU.Build.0 = Debug|Any CPU
		{04E6D4E7-C157-47C5-99AB-8D117E76A2CF}.Release|Any CPU.ActiveCfg = Release|Any CPU
		{04E6D4E7-C157-47C5-99AB-8D117E76A2CF}.Release|Any CPU.Build.0 = Release|Any CPU
		{0F4C57F9-FF94-496F-83B7-2D635AF60A81}.Debug|Any CPU.ActiveCfg = Debug|Any CPU
		{0F4C57F9-FF94-496F-83B7-2D635AF60A81}.Debug|Any CPU.Build.0 = Debug|Any CPU
		{0F4C57F9-FF94-496F-83B7-2D635AF60A81}.Release|Any CPU.ActiveCfg = Release|Any CPU
		{0F4C57F9-FF94-496F-83B7-2D635AF60A81}.Release|Any CPU.Build.0 = Release|Any CPU
		{5FADD26F-6A05-45A5-87CB-D477CAFFBFA2}.Debug|Any CPU.ActiveCfg = Debug|Any CPU
		{5FADD26F-6A05-45A5-87CB-D477CAFFBFA2}.Debug|Any CPU.Build.0 = Debug|Any CPU
		{5FADD26F-6A05-45A5-87CB-D477CAFFBFA2}.Release|Any CPU.ActiveCfg = Release|Any CPU
		{5FADD26F-6A05-45A5-87CB-D477CAFFBFA2}.Release|Any CPU.Build.0 = Release|Any CPU
		{C541926A-E9FD-475A-9B87-A39AA06D7915}.Debug|Any CPU.ActiveCfg = Debug|Any CPU
		{C541926A-E9FD-475A-9B87-A39AA06D7915}.Debug|Any CPU.Build.0 = Debug|Any CPU
		{C541926A-E9FD-475A-9B87-A39AA06D7915}.Release|Any CPU.ActiveCfg = Release|Any CPU
		{C541926A-E9FD-475A-9B87-A39AA06D7915}.Release|Any CPU.Build.0 = Release|Any CPU
		{83E8C666-F1A7-468D-9B18-490E204FFE1C}.Debug|Any CPU.ActiveCfg = Debug|Any CPU
		{83E8C666-F1A7-468D-9B18-490E204FFE1C}.Debug|Any CPU.Build.0 = Debug|Any CPU
		{83E8C666-F1A7-468D-9B18-490E204FFE1C}.Release|Any CPU.ActiveCfg = Release|Any CPU
		{83E8C666-F1A7-468D-9B18-490E204FFE1C}.Release|Any CPU.Build.0 = Release|Any CPU
		{BACD66DB-0DBF-4F92-B3BB-928C47331908}.Debug|Any CPU.ActiveCfg = Debug|Any CPU
		{BACD66DB-0DBF-4F92-B3BB-928C47331908}.Debug|Any CPU.Build.0 = Debug|Any CPU
		{BACD66DB-0DBF-4F92-B3BB-928C47331908}.Release|Any CPU.ActiveCfg = Release|Any CPU
		{BACD66DB-0DBF-4F92-B3BB-928C47331908}.Release|Any CPU.Build.0 = Release|Any CPU
		{ED46E7BF-0087-49FC-B5F9-B84215516D02}.Debug|Any CPU.ActiveCfg = Debug|Any CPU
		{ED46E7BF-0087-49FC-B5F9-B84215516D02}.Debug|Any CPU.Build.0 = Debug|Any CPU
		{ED46E7BF-0087-49FC-B5F9-B84215516D02}.Release|Any CPU.ActiveCfg = Release|Any CPU
		{ED46E7BF-0087-49FC-B5F9-B84215516D02}.Release|Any CPU.Build.0 = Release|Any CPU
		{43E524D8-3F48-498B-850F-5D0C8EC89D27}.Debug|Any CPU.ActiveCfg = Debug|Any CPU
		{43E524D8-3F48-498B-850F-5D0C8EC89D27}.Debug|Any CPU.Build.0 = Debug|Any CPU
		{43E524D8-3F48-498B-850F-5D0C8EC89D27}.Release|Any CPU.ActiveCfg = Release|Any CPU
		{43E524D8-3F48-498B-850F-5D0C8EC89D27}.Release|Any CPU.Build.0 = Release|Any CPU
		{7F774A16-0E5E-4813-8444-9A4C43F3AB47}.Debug|Any CPU.ActiveCfg = Debug|Any CPU
		{7F774A16-0E5E-4813-8444-9A4C43F3AB47}.Debug|Any CPU.Build.0 = Debug|Any CPU
		{7F774A16-0E5E-4813-8444-9A4C43F3AB47}.Release|Any CPU.ActiveCfg = Release|Any CPU
		{7F774A16-0E5E-4813-8444-9A4C43F3AB47}.Release|Any CPU.Build.0 = Release|Any CPU
		{EC4546F1-CA8C-4B35-813B-D385C368978C}.Debug|Any CPU.ActiveCfg = Debug|Any CPU
		{EC4546F1-CA8C-4B35-813B-D385C368978C}.Debug|Any CPU.Build.0 = Debug|Any CPU
		{EC4546F1-CA8C-4B35-813B-D385C368978C}.Release|Any CPU.ActiveCfg = Release|Any CPU
		{EC4546F1-CA8C-4B35-813B-D385C368978C}.Release|Any CPU.Build.0 = Release|Any CPU
		{47A2EFD1-C1FE-416F-8685-D389F93EC49F}.Debug|Any CPU.ActiveCfg = Debug|Any CPU
		{47A2EFD1-C1FE-416F-8685-D389F93EC49F}.Debug|Any CPU.Build.0 = Debug|Any CPU
		{47A2EFD1-C1FE-416F-8685-D389F93EC49F}.Release|Any CPU.ActiveCfg = Release|Any CPU
		{47A2EFD1-C1FE-416F-8685-D389F93EC49F}.Release|Any CPU.Build.0 = Release|Any CPU
		{4F2E7C4F-F8CC-46A5-A5D5-2E7D46B366D4}.Debug|Any CPU.ActiveCfg = Debug|Any CPU
		{4F2E7C4F-F8CC-46A5-A5D5-2E7D46B366D4}.Debug|Any CPU.Build.0 = Debug|Any CPU
		{4F2E7C4F-F8CC-46A5-A5D5-2E7D46B366D4}.Release|Any CPU.ActiveCfg = Release|Any CPU
		{4F2E7C4F-F8CC-46A5-A5D5-2E7D46B366D4}.Release|Any CPU.Build.0 = Release|Any CPU
		{CE20BCAA-409D-4F3F-A394-2FD9ADB765CE}.Debug|Any CPU.ActiveCfg = Debug|Any CPU
		{CE20BCAA-409D-4F3F-A394-2FD9ADB765CE}.Debug|Any CPU.Build.0 = Debug|Any CPU
		{CE20BCAA-409D-4F3F-A394-2FD9ADB765CE}.Release|Any CPU.ActiveCfg = Release|Any CPU
		{CE20BCAA-409D-4F3F-A394-2FD9ADB765CE}.Release|Any CPU.Build.0 = Release|Any CPU
		{8D597636-5EC8-4580-BFD1-8128E5353163}.Debug|Any CPU.ActiveCfg = Debug|Any CPU
		{8D597636-5EC8-4580-BFD1-8128E5353163}.Debug|Any CPU.Build.0 = Debug|Any CPU
		{8D597636-5EC8-4580-BFD1-8128E5353163}.Release|Any CPU.ActiveCfg = Release|Any CPU
		{8D597636-5EC8-4580-BFD1-8128E5353163}.Release|Any CPU.Build.0 = Release|Any CPU
	EndGlobalSection
	GlobalSection(SolutionProperties) = preSolution
		HideSolutionNode = FALSE
	EndGlobalSection
	GlobalSection(NestedProjects) = preSolution
		{27C0774C-9C38-4305-AFCC-FFCA373B67AF} = {DF6A70F4-F4EA-4F54-8BF0-4CF2DBBE51C9}
		{F4342A22-5FCB-49FE-A3AD-9A49DC12D89F} = {DF6A70F4-F4EA-4F54-8BF0-4CF2DBBE51C9}
		{D3B9F160-98D3-41E6-98FA-A818B71E16A8} = {DF6A70F4-F4EA-4F54-8BF0-4CF2DBBE51C9}
		{14892B4D-480F-4DC0-84E8-41D756D5629F} = {0AEFC103-AAFA-4B89-91D9-B89BCDDDBDA3}
		{02E0B4D1-F889-44E8-83D1-A4EA8274702D} = {0AEFC103-AAFA-4B89-91D9-B89BCDDDBDA3}
		{5E3D99BB-EBD2-4B6B-8F82-BC562358F3FF} = {0AEFC103-AAFA-4B89-91D9-B89BCDDDBDA3}
		{9B2EBA36-225E-4FB2-9891-43F022A777C8} = {2C5148C8-36A0-40AF-B3AC-80C7EE2A079B}
		{BF576F4F-CAE9-42C3-9F80-C8142A14FE1C} = {2C5148C8-36A0-40AF-B3AC-80C7EE2A079B}
		{317DD7EF-043F-427F-B6C6-2FF1CB52DEE9} = {2C5148C8-36A0-40AF-B3AC-80C7EE2A079B}
		{1876288C-9BC3-4984-A509-C0069809BBC1} = {BDAB7024-2CBB-4FDF-B706-1B8854DE8AAB}
		{04E6D4E7-C157-47C5-99AB-8D117E76A2CF} = {BDAB7024-2CBB-4FDF-B706-1B8854DE8AAB}
		{0F4C57F9-FF94-496F-83B7-2D635AF60A81} = {BDAB7024-2CBB-4FDF-B706-1B8854DE8AAB}
		{5FADD26F-6A05-45A5-87CB-D477CAFFBFA2} = {C4810F3A-D302-49CF-A105-0F68DB33B8F2}
		{C541926A-E9FD-475A-9B87-A39AA06D7915} = {C4810F3A-D302-49CF-A105-0F68DB33B8F2}
		{83E8C666-F1A7-468D-9B18-490E204FFE1C} = {C4810F3A-D302-49CF-A105-0F68DB33B8F2}
		{BACD66DB-0DBF-4F92-B3BB-928C47331908} = {78B7A8E9-0C28-4875-9B2D-06297FEE7E8D}
		{ED46E7BF-0087-49FC-B5F9-B84215516D02} = {78B7A8E9-0C28-4875-9B2D-06297FEE7E8D}
		{43E524D8-3F48-498B-850F-5D0C8EC89D27} = {78B7A8E9-0C28-4875-9B2D-06297FEE7E8D}
		{7F774A16-0E5E-4813-8444-9A4C43F3AB47} = {7785E43C-E38D-43A6-905F-21DE9EEA6063}
		{EC4546F1-CA8C-4B35-813B-D385C368978C} = {7785E43C-E38D-43A6-905F-21DE9EEA6063}
		{47A2EFD1-C1FE-416F-8685-D389F93EC49F} = {7785E43C-E38D-43A6-905F-21DE9EEA6063}
		{4F2E7C4F-F8CC-46A5-A5D5-2E7D46B366D4} = {3F9DD52E-89C1-496B-9E72-BFA99BC84686}
		{CE20BCAA-409D-4F3F-A394-2FD9ADB765CE} = {3F9DD52E-89C1-496B-9E72-BFA99BC84686}
		{8D597636-5EC8-4580-BFD1-8128E5353163} = {3F9DD52E-89C1-496B-9E72-BFA99BC84686}
	EndGlobalSection
	GlobalSection(ExtensibilityGlobals) = postSolution
		SolutionGuid = {CDF1915D-A23A-47D8-8F85-5C726AFBBEE4}
	EndGlobalSection
EndGlobal
